{
  "name": "typescript_aspects",
  "version": "1.0.0",
  "lockfileVersion": 2,
  "requires": true,
  "packages": {
    "": {
      "name": "typescript_aspects",
      "version": "1.0.0",
      "license": "MIT",
      "dependencies": {
        "aspectjs": "^2.0.4"
      }
    },
    "node_modules/aspectjs": {
      "version": "2.0.4",
      "resolved": "https://registry.npmjs.org/aspectjs/-/aspectjs-2.0.4.tgz",
      "integrity": "sha512-COqid2pQkQ04+nEwYsluor0QCKx584ku39IgFJt0mvT0SGd0UYU5jBlOSm9I3SaL/cqiFUF12WTxo1nh0IQEjQ=="
    }
  },
  "dependencies": {
    "aspectjs": {
      "version": "2.0.4",
      "resolved": "https://registry.npmjs.org/aspectjs/-/aspectjs-2.0.4.tgz",
      "integrity": "sha512-COqid2pQkQ04+nEwYsluor0QCKx584ku39IgFJt0mvT0SGd0UYU5jBlOSm9I3SaL/cqiFUF12WTxo1nh0IQEjQ=="
    }
  }
}
